// !$*UTF8*$!
{
	archiveVersion = 1;
	classes = {
	};
	objectVersion = 55;
	objects = {

/* Begin PBXBuildFile section */
		0119F45C347BB3466A3DE4BF /* Pods_Quinbay_QuinbayUITests.framework in Frameworks */ = {isa = PBXBuildFile; fileRef = 881501B12F637F3D1E36B254 /* Pods_Quinbay_QuinbayUITests.framework */; };
		2F56D536305FDCFA9029339F /* Pods_QuinbayTests.framework in Frameworks */ = {isa = PBXBuildFile; fileRef = DB4072965330BA1665309608 /* Pods_QuinbayTests.framework */; };
		5993A2B7278C3555006D003E /* AppDelegate.swift in Sources */ = {isa = PBXBuildFile; fileRef = 5993A2B6278C3555006D003E /* AppDelegate.swift */; };
		5993A2B9278C3555006D003E /* SceneDelegate.swift in Sources */ = {isa = PBXBuildFile; fileRef = 5993A2B8278C3555006D003E /* SceneDelegate.swift */; };
		5993A2BB278C3555006D003E /* ViewController.swift in Sources */ = {isa = PBXBuildFile; fileRef = 5993A2BA278C3555006D003E /* ViewController.swift */; };
		5993A2BE278C3555006D003E /* Main.storyboard in Resources */ = {isa = PBXBuildFile; fileRef = 5993A2BC278C3555006D003E /* Main.storyboard */; };
		5993A2C1278C3555006D003E /* Quinbay.xcdatamodeld in Sources */ = {isa = PBXBuildFile; fileRef = 5993A2BF278C3555006D003E /* Quinbay.xcdatamodeld */; };
		5993A2C3278C3556006D003E /* Assets.xcassets in Resources */ = {isa = PBXBuildFile; fileRef = 5993A2C2278C3556006D003E /* Assets.xcassets */; };
		5993A2C6278C3556006D003E /* LaunchScreen.storyboard in Resources */ = {isa = PBXBuildFile; fileRef = 5993A2C4278C3556006D003E /* LaunchScreen.storyboard */; };
		5993A2D1278C3556006D003E /* QuinbayTests.swift in Sources */ = {isa = PBXBuildFile; fileRef = 5993A2D0278C3556006D003E /* QuinbayTests.swift */; };
		5993A2DB278C3556006D003E /* QuinbayUITests.swift in Sources */ = {isa = PBXBuildFile; fileRef = 5993A2DA278C3556006D003E /* QuinbayUITests.swift */; };
		5993A2DD278C3556006D003E /* QuinbayUITestsLaunchTests.swift in Sources */ = {isa = PBXBuildFile; fileRef = 5993A2DC278C3556006D003E /* QuinbayUITestsLaunchTests.swift */; };
		5993A2EE278C398C006D003E /* Product.swift in Sources */ = {isa = PBXBuildFile; fileRef = 5993A2ED278C398C006D003E /* Product.swift */; };
		5993A2F1278C39AE006D003E /* SearchControllerViewModel.swift in Sources */ = {isa = PBXBuildFile; fileRef = 5993A2F0278C39AE006D003E /* SearchControllerViewModel.swift */; };
		5993A2F2278C39AE006D003E /* SearchControllerViewModel.swift in Sources */ = {isa = PBXBuildFile; fileRef = 5993A2F0278C39AE006D003E /* SearchControllerViewModel.swift */; };
		5993A2F3278C39AE006D003E /* SearchControllerViewModel.swift in Sources */ = {isa = PBXBuildFile; fileRef = 5993A2F0278C39AE006D003E /* SearchControllerViewModel.swift */; };
		5993A2F5278C3A05006D003E /* SearchedProductTableViewCell.swift in Sources */ = {isa = PBXBuildFile; fileRef = 5993A2F4278C3A05006D003E /* SearchedProductTableViewCell.swift */; };
		5993A2F6278C3A05006D003E /* SearchedProductTableViewCell.swift in Sources */ = {isa = PBXBuildFile; fileRef = 5993A2F4278C3A05006D003E /* SearchedProductTableViewCell.swift */; };
		5993A2F7278C3A05006D003E /* SearchedProductTableViewCell.swift in Sources */ = {isa = PBXBuildFile; fileRef = 5993A2F4278C3A05006D003E /* SearchedProductTableViewCell.swift */; };
		5993A2FA278C3BE8006D003E /* NetworkHandler.swift in Sources */ = {isa = PBXBuildFile; fileRef = 5993A2F9278C3BE8006D003E /* NetworkHandler.swift */; };
		5993A2FB278C3BE8006D003E /* NetworkHandler.swift in Sources */ = {isa = PBXBuildFile; fileRef = 5993A2F9278C3BE8006D003E /* NetworkHandler.swift */; };
		5993A2FC278C3BE8006D003E /* NetworkHandler.swift in Sources */ = {isa = PBXBuildFile; fileRef = 5993A2F9278C3BE8006D003E /* NetworkHandler.swift */; };
		5993A2FE278C3C16006D003E /* SearchAPIHandler.swift in Sources */ = {isa = PBXBuildFile; fileRef = 5993A2FD278C3C16006D003E /* SearchAPIHandler.swift */; };
		5993A2FF278C3C16006D003E /* SearchAPIHandler.swift in Sources */ = {isa = PBXBuildFile; fileRef = 5993A2FD278C3C16006D003E /* SearchAPIHandler.swift */; };
		5993A300278C3C16006D003E /* SearchAPIHandler.swift in Sources */ = {isa = PBXBuildFile; fileRef = 5993A2FD278C3C16006D003E /* SearchAPIHandler.swift */; };
		5993A302278C9188006D003E /* AlertController.swift in Sources */ = {isa = PBXBuildFile; fileRef = 5993A301278C9188006D003E /* AlertController.swift */; };
		5993A304278C9AFC006D003E /* NetworkLogger.swift in Sources */ = {isa = PBXBuildFile; fileRef = 5993A303278C9AFC006D003E /* NetworkLogger.swift */; };
		7DB88BF4B4221CF22A65BC52 /* Pods_Quinbay.framework in Frameworks */ = {isa = PBXBuildFile; fileRef = DC84CD3AFA81E56C3870E62D /* Pods_Quinbay.framework */; };
/* End PBXBuildFile section */

/* Begin PBXContainerItemProxy section */
		5993A2CD278C3556006D003E /* PBXContainerItemProxy */ = {
			isa = PBXContainerItemProxy;
			containerPortal = 5993A2AB278C3555006D003E /* Project object */;
			proxyType = 1;
			remoteGlobalIDString = 5993A2B2278C3555006D003E;
			remoteInfo = Quinbay;
		};
		5993A2D7278C3556006D003E /* PBXContainerItemProxy */ = {
			isa = PBXContainerItemProxy;
			containerPortal = 5993A2AB278C3555006D003E /* Project object */;
			proxyType = 1;
			remoteGlobalIDString = 5993A2B2278C3555006D003E;
			remoteInfo = Quinbay;
		};
/* End PBXContainerItemProxy section */

/* Begin PBXFileReference section */
		0F066CA451A8BB8A8A1A6A6D /* Pods-QuinbayTests.debug.xcconfig */ = {isa = PBXFileReference; includeInIndex = 1; lastKnownFileType = text.xcconfig; name = "Pods-QuinbayTests.debug.xcconfig"; path = "Target Support Files/Pods-QuinbayTests/Pods-QuinbayTests.debug.xcconfig"; sourceTree = "<group>"; };
		425FF5C379088F0C2CAFB44A /* Pods-QuinbayTests.release.xcconfig */ = {isa = PBXFileReference; includeInIndex = 1; lastKnownFileType = text.xcconfig; name = "Pods-QuinbayTests.release.xcconfig"; path = "Target Support Files/Pods-QuinbayTests/Pods-QuinbayTests.release.xcconfig"; sourceTree = "<group>"; };
		4DBA6AAE28C9D2ADD703BA75 /* Pods-Quinbay.release.xcconfig */ = {isa = PBXFileReference; includeInIndex = 1; lastKnownFileType = text.xcconfig; name = "Pods-Quinbay.release.xcconfig"; path = "Target Support Files/Pods-Quinbay/Pods-Quinbay.release.xcconfig"; sourceTree = "<group>"; };
		5471835636E11D1C05C4FE73 /* Pods-Quinbay-QuinbayUITests.debug.xcconfig */ = {isa = PBXFileReference; includeInIndex = 1; lastKnownFileType = text.xcconfig; name = "Pods-Quinbay-QuinbayUITests.debug.xcconfig"; path = "Target Support Files/Pods-Quinbay-QuinbayUITests/Pods-Quinbay-QuinbayUITests.debug.xcconfig"; sourceTree = "<group>"; };
		5993A2B3278C3555006D003E /* Quinbay.app */ = {isa = PBXFileReference; explicitFileType = wrapper.application; includeInIndex = 0; path = Quinbay.app; sourceTree = BUILT_PRODUCTS_DIR; };
		5993A2B6278C3555006D003E /* AppDelegate.swift */ = {isa = PBXFileReference; lastKnownFileType = sourcecode.swift; path = AppDelegate.swift; sourceTree = "<group>"; };
		5993A2B8278C3555006D003E /* SceneDelegate.swift */ = {isa = PBXFileReference; lastKnownFileType = sourcecode.swift; path = SceneDelegate.swift; sourceTree = "<group>"; };
		5993A2BA278C3555006D003E /* ViewController.swift */ = {isa = PBXFileReference; lastKnownFileType = sourcecode.swift; path = ViewController.swift; sourceTree = "<group>"; };
		5993A2BD278C3555006D003E /* Base */ = {isa = PBXFileReference; lastKnownFileType = file.storyboard; name = Base; path = Base.lproj/Main.storyboard; sourceTree = "<group>"; };
		5993A2C0278C3555006D003E /* Quinbay.xcdatamodel */ = {isa = PBXFileReference; lastKnownFileType = wrapper.xcdatamodel; path = Quinbay.xcdatamodel; sourceTree = "<group>"; };
		5993A2C2278C3556006D003E /* Assets.xcassets */ = {isa = PBXFileReference; lastKnownFileType = folder.assetcatalog; path = Assets.xcassets; sourceTree = "<group>"; };
		5993A2C5278C3556006D003E /* Base */ = {isa = PBXFileReference; lastKnownFileType = file.storyboard; name = Base; path = Base.lproj/LaunchScreen.storyboard; sourceTree = "<group>"; };
		5993A2C7278C3556006D003E /* Info.plist */ = {isa = PBXFileReference; lastKnownFileType = text.plist.xml; path = Info.plist; sourceTree = "<group>"; };
		5993A2CC278C3556006D003E /* QuinbayTests.xctest */ = {isa = PBXFileReference; explicitFileType = wrapper.cfbundle; includeInIndex = 0; path = QuinbayTests.xctest; sourceTree = BUILT_PRODUCTS_DIR; };
		5993A2D0278C3556006D003E /* QuinbayTests.swift */ = {isa = PBXFileReference; lastKnownFileType = sourcecode.swift; path = QuinbayTests.swift; sourceTree = "<group>"; };
		5993A2D6278C3556006D003E /* QuinbayUITests.xctest */ = {isa = PBXFileReference; explicitFileType = wrapper.cfbundle; includeInIndex = 0; path = QuinbayUITests.xctest; sourceTree = BUILT_PRODUCTS_DIR; };
		5993A2DA278C3556006D003E /* QuinbayUITests.swift */ = {isa = PBXFileReference; lastKnownFileType = sourcecode.swift; path = QuinbayUITests.swift; sourceTree = "<group>"; };
		5993A2DC278C3556006D003E /* QuinbayUITestsLaunchTests.swift */ = {isa = PBXFileReference; lastKnownFileType = sourcecode.swift; path = QuinbayUITestsLaunchTests.swift; sourceTree = "<group>"; };
		5993A2ED278C398C006D003E /* Product.swift */ = {isa = PBXFileReference; lastKnownFileType = sourcecode.swift; path = Product.swift; sourceTree = "<group>"; };
		5993A2F0278C39AE006D003E /* SearchControllerViewModel.swift */ = {isa = PBXFileReference; lastKnownFileType = sourcecode.swift; path = SearchControllerViewModel.swift; sourceTree = "<group>"; };
		5993A2F4278C3A05006D003E /* SearchedProductTableViewCell.swift */ = {isa = PBXFileReference; lastKnownFileType = sourcecode.swift; path = SearchedProductTableViewCell.swift; sourceTree = "<group>"; };
		5993A2F9278C3BE8006D003E /* NetworkHandler.swift */ = {isa = PBXFileReference; lastKnownFileType = sourcecode.swift; path = NetworkHandler.swift; sourceTree = "<group>"; };
		5993A2FD278C3C16006D003E /* SearchAPIHandler.swift */ = {isa = PBXFileReference; lastKnownFileType = sourcecode.swift; path = SearchAPIHandler.swift; sourceTree = "<group>"; };
		5993A301278C9188006D003E /* AlertController.swift */ = {isa = PBXFileReference; lastKnownFileType = sourcecode.swift; path = AlertController.swift; sourceTree = "<group>"; };
		5993A303278C9AFC006D003E /* NetworkLogger.swift */ = {isa = PBXFileReference; lastKnownFileType = sourcecode.swift; path = NetworkLogger.swift; sourceTree = "<group>"; };
		5E66F1C6EC2962064D287EA1 /* Pods-Quinbay.debug.xcconfig */ = {isa = PBXFileReference; includeInIndex = 1; lastKnownFileType = text.xcconfig; name = "Pods-Quinbay.debug.xcconfig"; path = "Target Support Files/Pods-Quinbay/Pods-Quinbay.debug.xcconfig"; sourceTree = "<group>"; };
		881501B12F637F3D1E36B254 /* Pods_Quinbay_QuinbayUITests.framework */ = {isa = PBXFileReference; explicitFileType = wrapper.framework; includeInIndex = 0; path = Pods_Quinbay_QuinbayUITests.framework; sourceTree = BUILT_PRODUCTS_DIR; };
		8A438F641A784BA254FF3301 /* Pods-Quinbay-QuinbayUITests.release.xcconfig */ = {isa = PBXFileReference; includeInIndex = 1; lastKnownFileType = text.xcconfig; name = "Pods-Quinbay-QuinbayUITests.release.xcconfig"; path = "Target Support Files/Pods-Quinbay-QuinbayUITests/Pods-Quinbay-QuinbayUITests.release.xcconfig"; sourceTree = "<group>"; };
		DB4072965330BA1665309608 /* Pods_QuinbayTests.framework */ = {isa = PBXFileReference; explicitFileType = wrapper.framework; includeInIndex = 0; path = Pods_QuinbayTests.framework; sourceTree = BUILT_PRODUCTS_DIR; };
		DC84CD3AFA81E56C3870E62D /* Pods_Quinbay.framework */ = {isa = PBXFileReference; explicitFileType = wrapper.framework; includeInIndex = 0; path = Pods_Quinbay.framework; sourceTree = BUILT_PRODUCTS_DIR; };
/* End PBXFileReference section */

/* Begin PBXFrameworksBuildPhase section */
		5993A2B0278C3555006D003E /* Frameworks */ = {
			isa = PBXFrameworksBuildPhase;
			buildActionMask = 2147483647;
			files = (
				7DB88BF4B4221CF22A65BC52 /* Pods_Quinbay.framework in Frameworks */,
			);
			runOnlyForDeploymentPostprocessing = 0;
		};
		5993A2C9278C3556006D003E /* Frameworks */ = {
			isa = PBXFrameworksBuildPhase;
			buildActionMask = 2147483647;
			files = (
				2F56D536305FDCFA9029339F /* Pods_QuinbayTests.framework in Frameworks */,
			);
			runOnlyForDeploymentPostprocessing = 0;
		};
		5993A2D3278C3556006D003E /* Frameworks */ = {
			isa = PBXFrameworksBuildPhase;
			buildActionMask = 2147483647;
			files = (
				0119F45C347BB3466A3DE4BF /* Pods_Quinbay_QuinbayUITests.framework in Frameworks */,
			);
			runOnlyForDeploymentPostprocessing = 0;
		};
/* End PBXFrameworksBuildPhase section */

/* Begin PBXGroup section */
		3A9B725F024D7956213692CA /* Frameworks */ = {
			isa = PBXGroup;
			children = (
				DC84CD3AFA81E56C3870E62D /* Pods_Quinbay.framework */,
				881501B12F637F3D1E36B254 /* Pods_Quinbay_QuinbayUITests.framework */,
				DB4072965330BA1665309608 /* Pods_QuinbayTests.framework */,
			);
			name = Frameworks;
			sourceTree = "<group>";
		};
		5993A2AA278C3555006D003E = {
			isa = PBXGroup;
			children = (
				5993A2B5278C3555006D003E /* Quinbay */,
				5993A2CF278C3556006D003E /* QuinbayTests */,
				5993A2D9278C3556006D003E /* QuinbayUITests */,
				5993A2B4278C3555006D003E /* Products */,
				B9FB96B5901910B619C4B3E6 /* Pods */,
				3A9B725F024D7956213692CA /* Frameworks */,
			);
			sourceTree = "<group>";
		};
		5993A2B4278C3555006D003E /* Products */ = {
			isa = PBXGroup;
			children = (
				5993A2B3278C3555006D003E /* Quinbay.app */,
				5993A2CC278C3556006D003E /* QuinbayTests.xctest */,
				5993A2D6278C3556006D003E /* QuinbayUITests.xctest */,
			);
			name = Products;
			sourceTree = "<group>";
		};
		5993A2B5278C3555006D003E /* Quinbay */ = {
			isa = PBXGroup;
			children = (
				5993A2F8278C3BD4006D003E /* Util Classes */,
				5993A2E9278C396C006D003E /* Feature */,
				5993A2B6278C3555006D003E /* AppDelegate.swift */,
				5993A2B8278C3555006D003E /* SceneDelegate.swift */,
				5993A2BC278C3555006D003E /* Main.storyboard */,
				5993A2C2278C3556006D003E /* Assets.xcassets */,
				5993A2C4278C3556006D003E /* LaunchScreen.storyboard */,
				5993A2C7278C3556006D003E /* Info.plist */,
				5993A2BF278C3555006D003E /* Quinbay.xcdatamodeld */,
			);
			path = Quinbay;
			sourceTree = "<group>";
		};
		5993A2CF278C3556006D003E /* QuinbayTests */ = {
			isa = PBXGroup;
			children = (
				5993A2D0278C3556006D003E /* QuinbayTests.swift */,
			);
			path = QuinbayTests;
			sourceTree = "<group>";
		};
		5993A2D9278C3556006D003E /* QuinbayUITests */ = {
			isa = PBXGroup;
			children = (
				5993A2DA278C3556006D003E /* QuinbayUITests.swift */,
				5993A2DC278C3556006D003E /* QuinbayUITestsLaunchTests.swift */,
			);
			path = QuinbayUITests;
			sourceTree = "<group>";
		};
		5993A2E9278C396C006D003E /* Feature */ = {
			isa = PBXGroup;
			children = (
				5993A2EF278C3996006D003E /* SearchProducts */,
			);
			path = Feature;
			sourceTree = "<group>";
		};
		5993A2EA278C3972006D003E /* Model */ = {
			isa = PBXGroup;
			children = (
				5993A2ED278C398C006D003E /* Product.swift */,
			);
			path = Model;
			sourceTree = "<group>";
		};
		5993A2EB278C3976006D003E /* ViewModel */ = {
			isa = PBXGroup;
			children = (
				5993A2F0278C39AE006D003E /* SearchControllerViewModel.swift */,
			);
			path = ViewModel;
			sourceTree = "<group>";
		};
		5993A2EC278C397C006D003E /* ViewController */ = {
			isa = PBXGroup;
			children = (
				5993A2BA278C3555006D003E /* ViewController.swift */,
				5993A2F4278C3A05006D003E /* SearchedProductTableViewCell.swift */,
			);
			path = ViewController;
			sourceTree = "<group>";
		};
		5993A2EF278C3996006D003E /* SearchProducts */ = {
			isa = PBXGroup;
			children = (
				5993A2EA278C3972006D003E /* Model */,
				5993A2EB278C3976006D003E /* ViewModel */,
				5993A2EC278C397C006D003E /* ViewController */,
			);
			path = SearchProducts;
			sourceTree = "<group>";
		};
		5993A2F8278C3BD4006D003E /* Util Classes */ = {
			isa = PBXGroup;
			children = (
				5993A2F9278C3BE8006D003E /* NetworkHandler.swift */,
				5993A2FD278C3C16006D003E /* SearchAPIHandler.swift */,
				5993A301278C9188006D003E /* AlertController.swift */,
				5993A303278C9AFC006D003E /* NetworkLogger.swift */,
			);
			path = "Util Classes";
			sourceTree = "<group>";
		};
		B9FB96B5901910B619C4B3E6 /* Pods */ = {
			isa = PBXGroup;
			children = (
				5E66F1C6EC2962064D287EA1 /* Pods-Quinbay.debug.xcconfig */,
				4DBA6AAE28C9D2ADD703BA75 /* Pods-Quinbay.release.xcconfig */,
				5471835636E11D1C05C4FE73 /* Pods-Quinbay-QuinbayUITests.debug.xcconfig */,
				8A438F641A784BA254FF3301 /* Pods-Quinbay-QuinbayUITests.release.xcconfig */,
				0F066CA451A8BB8A8A1A6A6D /* Pods-QuinbayTests.debug.xcconfig */,
				425FF5C379088F0C2CAFB44A /* Pods-QuinbayTests.release.xcconfig */,
			);
			path = Pods;
			sourceTree = "<group>";
		};
/* End PBXGroup section */

/* Begin PBXNativeTarget section */
		5993A2B2278C3555006D003E /* Quinbay */ = {
			isa = PBXNativeTarget;
			buildConfigurationList = 5993A2E0278C3556006D003E /* Build configuration list for PBXNativeTarget "Quinbay" */;
			buildPhases = (
				F7688E4FE6B54482FF4CFBC9 /* [CP] Check Pods Manifest.lock */,
				5993A2AF278C3555006D003E /* Sources */,
				5993A2B0278C3555006D003E /* Frameworks */,
				5993A2B1278C3555006D003E /* Resources */,
				CCD8ACF81402CAC78F097540 /* [CP] Embed Pods Frameworks */,
			);
			buildRules = (
			);
			dependencies = (
			);
			name = Quinbay;
			productName = Quinbay;
			productReference = 5993A2B3278C3555006D003E /* Quinbay.app */;
			productType = "com.apple.product-type.application";
		};
		5993A2CB278C3556006D003E /* QuinbayTests */ = {
			isa = PBXNativeTarget;
			buildConfigurationList = 5993A2E3278C3556006D003E /* Build configuration list for PBXNativeTarget "QuinbayTests" */;
			buildPhases = (
				A5BB6174193ECD30190B614E /* [CP] Check Pods Manifest.lock */,
				5993A2C8278C3556006D003E /* Sources */,
				5993A2C9278C3556006D003E /* Frameworks */,
				5993A2CA278C3556006D003E /* Resources */,
			);
			buildRules = (
			);
			dependencies = (
				5993A2CE278C3556006D003E /* PBXTargetDependency */,
			);
			name = QuinbayTests;
			productName = QuinbayTests;
			productReference = 5993A2CC278C3556006D003E /* QuinbayTests.xctest */;
			productType = "com.apple.product-type.bundle.unit-test";
		};
		5993A2D5278C3556006D003E /* QuinbayUITests */ = {
			isa = PBXNativeTarget;
			buildConfigurationList = 5993A2E6278C3556006D003E /* Build configuration list for PBXNativeTarget "QuinbayUITests" */;
			buildPhases = (
				E4D193EAF2AD61F7522D3AFC /* [CP] Check Pods Manifest.lock */,
				5993A2D2278C3556006D003E /* Sources */,
				5993A2D3278C3556006D003E /* Frameworks */,
				5993A2D4278C3556006D003E /* Resources */,
				F1ADBBAFE577A19E7FCAC3A7 /* [CP] Embed Pods Frameworks */,
			);
			buildRules = (
			);
			dependencies = (
				5993A2D8278C3556006D003E /* PBXTargetDependency */,
			);
			name = QuinbayUITests;
			productName = QuinbayUITests;
			productReference = 5993A2D6278C3556006D003E /* QuinbayUITests.xctest */;
			productType = "com.apple.product-type.bundle.ui-testing";
		};
/* End PBXNativeTarget section */

/* Begin PBXProject section */
		5993A2AB278C3555006D003E /* Project object */ = {
			isa = PBXProject;
			attributes = {
				BuildIndependentTargetsInParallel = 1;
				LastSwiftUpdateCheck = 1310;
				LastUpgradeCheck = 1310;
				TargetAttributes = {
					5993A2B2278C3555006D003E = {
						CreatedOnToolsVersion = 13.1;
					};
					5993A2CB278C3556006D003E = {
						CreatedOnToolsVersion = 13.1;
						TestTargetID = 5993A2B2278C3555006D003E;
					};
					5993A2D5278C3556006D003E = {
						CreatedOnToolsVersion = 13.1;
						TestTargetID = 5993A2B2278C3555006D003E;
					};
				};
			};
			buildConfigurationList = 5993A2AE278C3555006D003E /* Build configuration list for PBXProject "Quinbay" */;
			compatibilityVersion = "Xcode 13.0";
			developmentRegion = en;
			hasScannedForEncodings = 0;
			knownRegions = (
				en,
				Base,
			);
			mainGroup = 5993A2AA278C3555006D003E;
			productRefGroup = 5993A2B4278C3555006D003E /* Products */;
			projectDirPath = "";
			projectRoot = "";
			targets = (
				5993A2B2278C3555006D003E /* Quinbay */,
				5993A2CB278C3556006D003E /* QuinbayTests */,
				5993A2D5278C3556006D003E /* QuinbayUITests */,
			);
		};
/* End PBXProject section */

/* Begin PBXResourcesBuildPhase section */
		5993A2B1278C3555006D003E /* Resources */ = {
			isa = PBXResourcesBuildPhase;
			buildActionMask = 2147483647;
			files = (
				5993A2C6278C3556006D003E /* LaunchScreen.storyboard in Resources */,
				5993A2C3278C3556006D003E /* Assets.xcassets in Resources */,
				5993A2BE278C3555006D003E /* Main.storyboard in Resources */,
			);
			runOnlyForDeploymentPostprocessing = 0;
		};
		5993A2CA278C3556006D003E /* Resources */ = {
			isa = PBXResourcesBuildPhase;
			buildActionMask = 2147483647;
			files = (
			);
			runOnlyForDeploymentPostprocessing = 0;
		};
		5993A2D4278C3556006D003E /* Resources */ = {
			isa = PBXResourcesBuildPhase;
			buildActionMask = 2147483647;
			files = (
			);
			runOnlyForDeploymentPostprocessing = 0;
		};
/* End PBXResourcesBuildPhase section */

/* Begin PBXShellScriptBuildPhase section */
		A5BB6174193ECD30190B614E /* [CP] Check Pods Manifest.lock */ = {
			isa = PBXShellScriptBuildPhase;
			buildActionMask = 2147483647;
			files = (
			);
			inputFileListPaths = (
			);
			inputPaths = (
				"${PODS_PODFILE_DIR_PATH}/Podfile.lock",
				"${PODS_ROOT}/Manifest.lock",
			);
			name = "[CP] Check Pods Manifest.lock";
			outputFileListPaths = (
			);
			outputPaths = (
				"$(DERIVED_FILE_DIR)/Pods-QuinbayTests-checkManifestLockResult.txt",
			);
			runOnlyForDeploymentPostprocessing = 0;
			shellPath = /bin/sh;
			shellScript = "diff \"${PODS_PODFILE_DIR_PATH}/Podfile.lock\" \"${PODS_ROOT}/Manifest.lock\" > /dev/null\nif [ $? != 0 ] ; then\n    # print error to STDERR\n    echo \"error: The sandbox is not in sync with the Podfile.lock. Run 'pod install' or update your CocoaPods installation.\" >&2\n    exit 1\nfi\n# This output is used by Xcode 'outputs' to avoid re-running this script phase.\necho \"SUCCESS\" > \"${SCRIPT_OUTPUT_FILE_0}\"\n";
			showEnvVarsInLog = 0;
		};
		CCD8ACF81402CAC78F097540 /* [CP] Embed Pods Frameworks */ = {
			isa = PBXShellScriptBuildPhase;
			buildActionMask = 2147483647;
			files = (
			);
			inputFileListPaths = (
				"${PODS_ROOT}/Target Support Files/Pods-Quinbay/Pods-Quinbay-frameworks-${CONFIGURATION}-input-files.xcfilelist",
			);
			name = "[CP] Embed Pods Frameworks";
			outputFileListPaths = (
				"${PODS_ROOT}/Target Support Files/Pods-Quinbay/Pods-Quinbay-frameworks-${CONFIGURATION}-output-files.xcfilelist",
			);
			runOnlyForDeploymentPostprocessing = 0;
			shellPath = /bin/sh;
			shellScript = "\"${PODS_ROOT}/Target Support Files/Pods-Quinbay/Pods-Quinbay-frameworks.sh\"\n";
			showEnvVarsInLog = 0;
		};
		E4D193EAF2AD61F7522D3AFC /* [CP] Check Pods Manifest.lock */ = {
			isa = PBXShellScriptBuildPhase;
			buildActionMask = 2147483647;
			files = (
			);
			inputFileListPaths = (
			);
			inputPaths = (
				"${PODS_PODFILE_DIR_PATH}/Podfile.lock",
				"${PODS_ROOT}/Manifest.lock",
			);
			name = "[CP] Check Pods Manifest.lock";
			outputFileListPaths = (
			);
			outputPaths = (
				"$(DERIVED_FILE_DIR)/Pods-Quinbay-QuinbayUITests-checkManifestLockResult.txt",
			);
			runOnlyForDeploymentPostprocessing = 0;
			shellPath = /bin/sh;
			shellScript = "diff \"${PODS_PODFILE_DIR_PATH}/Podfile.lock\" \"${PODS_ROOT}/Manifest.lock\" > /dev/null\nif [ $? != 0 ] ; then\n    # print error to STDERR\n    echo \"error: The sandbox is not in sync with the Podfile.lock. Run 'pod install' or update your CocoaPods installation.\" >&2\n    exit 1\nfi\n# This output is used by Xcode 'outputs' to avoid re-running this script phase.\necho \"SUCCESS\" > \"${SCRIPT_OUTPUT_FILE_0}\"\n";
			showEnvVarsInLog = 0;
		};
		F1ADBBAFE577A19E7FCAC3A7 /* [CP] Embed Pods Frameworks */ = {
			isa = PBXShellScriptBuildPhase;
			buildActionMask = 2147483647;
			files = (
			);
			inputFileListPaths = (
				"${PODS_ROOT}/Target Support Files/Pods-Quinbay-QuinbayUITests/Pods-Quinbay-QuinbayUITests-frameworks-${CONFIGURATION}-input-files.xcfilelist",
			);
			name = "[CP] Embed Pods Frameworks";
			outputFileListPaths = (
				"${PODS_ROOT}/Target Support Files/Pods-Quinbay-QuinbayUITests/Pods-Quinbay-QuinbayUITests-frameworks-${CONFIGURATION}-output-files.xcfilelist",
			);
			runOnlyForDeploymentPostprocessing = 0;
			shellPath = /bin/sh;
			shellScript = "\"${PODS_ROOT}/Target Support Files/Pods-Quinbay-QuinbayUITests/Pods-Quinbay-QuinbayUITests-frameworks.sh\"\n";
			showEnvVarsInLog = 0;
		};
		F7688E4FE6B54482FF4CFBC9 /* [CP] Check Pods Manifest.lock */ = {
			isa = PBXShellScriptBuildPhase;
			buildActionMask = 2147483647;
			files = (
			);
			inputFileListPaths = (
			);
			inputPaths = (
				"${PODS_PODFILE_DIR_PATH}/Podfile.lock",
				"${PODS_ROOT}/Manifest.lock",
			);
			name = "[CP] Check Pods Manifest.lock";
			outputFileListPaths = (
			);
			outputPaths = (
				"$(DERIVED_FILE_DIR)/Pods-Quinbay-checkManifestLockResult.txt",
			);
			runOnlyForDeploymentPostprocessing = 0;
			shellPath = /bin/sh;
			shellScript = "diff \"${PODS_PODFILE_DIR_PATH}/Podfile.lock\" \"${PODS_ROOT}/Manifest.lock\" > /dev/null\nif [ $? != 0 ] ; then\n    # print error to STDERR\n    echo \"error: The sandbox is not in sync with the Podfile.lock. Run 'pod install' or update your CocoaPods installation.\" >&2\n    exit 1\nfi\n# This output is used by Xcode 'outputs' to avoid re-running this script phase.\necho \"SUCCESS\" > \"${SCRIPT_OUTPUT_FILE_0}\"\n";
			showEnvVarsInLog = 0;
		};
/* End PBXShellScriptBuildPhase section */

/* Begin PBXSourcesBuildPhase section */
		5993A2AF278C3555006D003E /* Sources */ = {
			isa = PBXSourcesBuildPhase;
			buildActionMask = 2147483647;
			files = (
				5993A2BB278C3555006D003E /* ViewController.swift in Sources */,
				5993A2F5278C3A05006D003E /* SearchedProductTableViewCell.swift in Sources */,
				5993A2C1278C3555006D003E /* Quinbay.xcdatamodeld in Sources */,
				5993A2FE278C3C16006D003E /* SearchAPIHandler.swift in Sources */,
				5993A2EE278C398C006D003E /* Product.swift in Sources */,
				5993A2B7278C3555006D003E /* AppDelegate.swift in Sources */,
				5993A302278C9188006D003E /* AlertController.swift in Sources */,
				5993A2F1278C39AE006D003E /* SearchControllerViewModel.swift in Sources */,
				5993A2B9278C3555006D003E /* SceneDelegate.swift in Sources */,
				5993A2FA278C3BE8006D003E /* NetworkHandler.swift in Sources */,
				5993A304278C9AFC006D003E /* NetworkLogger.swift in Sources */,
			);
			runOnlyForDeploymentPostprocessing = 0;
		};
		5993A2C8278C3556006D003E /* Sources */ = {
			isa = PBXSourcesBuildPhase;
			buildActionMask = 2147483647;
			files = (
				5993A2FF278C3C16006D003E /* SearchAPIHandler.swift in Sources */,
				5993A2F2278C39AE006D003E /* SearchControllerViewModel.swift in Sources */,
				5993A2F6278C3A05006D003E /* SearchedProductTableViewCell.swift in Sources */,
				5993A2D1278C3556006D003E /* QuinbayTests.swift in Sources */,
				5993A2FB278C3BE8006D003E /* NetworkHandler.swift in Sources */,
			);
			runOnlyForDeploymentPostprocessing = 0;
		};
		5993A2D2278C3556006D003E /* Sources */ = {
			isa = PBXSourcesBuildPhase;
			buildActionMask = 2147483647;
			files = (
				5993A2F7278C3A05006D003E /* SearchedProductTableViewCell.swift in Sources */,
				5993A2DD278C3556006D003E /* QuinbayUITestsLaunchTests.swift in Sources */,
				5993A2F3278C39AE006D003E /* SearchControllerViewModel.swift in Sources */,
				5993A300278C3C16006D003E /* SearchAPIHandler.swift in Sources */,
				5993A2FC278C3BE8006D003E /* NetworkHandler.swift in Sources */,
				5993A2DB278C3556006D003E /* QuinbayUITests.swift in Sources */,
			);
			runOnlyForDeploymentPostprocessing = 0;
		};
/* End PBXSourcesBuildPhase section */

/* Begin PBXTargetDependency section */
		5993A2CE278C3556006D003E /* PBXTargetDependency */ = {
			isa = PBXTargetDependency;
			target = 5993A2B2278C3555006D003E /* Quinbay */;
			targetProxy = 5993A2CD278C3556006D003E /* PBXContainerItemProxy */;
		};
		5993A2D8278C3556006D003E /* PBXTargetDependency */ = {
			isa = PBXTargetDependency;
			target = 5993A2B2278C3555006D003E /* Quinbay */;
			targetProxy = 5993A2D7278C3556006D003E /* PBXContainerItemProxy */;
		};
/* End PBXTargetDependency section */

/* Begin PBXVariantGroup section */
		5993A2BC278C3555006D003E /* Main.storyboard */ = {
			isa = PBXVariantGroup;
			children = (
				5993A2BD278C3555006D003E /* Base */,
			);
			name = Main.storyboard;
			sourceTree = "<group>";
		};
		5993A2C4278C3556006D003E /* LaunchScreen.storyboard */ = {
			isa = PBXVariantGroup;
			children = (
				5993A2C5278C3556006D003E /* Base */,
			);
			name = LaunchScreen.storyboard;
			sourceTree = "<group>";
		};
/* End PBXVariantGroup section */

/* Begin XCBuildConfiguration section */
		5993A2DE278C3556006D003E /* Debug */ = {
			isa = XCBuildConfiguration;
			buildSettings = {
				ALWAYS_SEARCH_USER_PATHS = NO;
				CLANG_ANALYZER_NONNULL = YES;
				CLANG_ANALYZER_NUMBER_OBJECT_CONVERSION = YES_AGGRESSIVE;
				CLANG_CXX_LANGUAGE_STANDARD = "gnu++17";
				CLANG_CXX_LIBRARY = "libc++";
				CLANG_ENABLE_MODULES = YES;
				CLANG_ENABLE_OBJC_ARC = YES;
				CLANG_ENABLE_OBJC_WEAK = YES;
				CLANG_WARN_BLOCK_CAPTURE_AUTORELEASING = YES;
				CLANG_WARN_BOOL_CONVERSION = YES;
				CLANG_WARN_COMMA = YES;
				CLANG_WARN_CONSTANT_CONVERSION = YES;
				CLANG_WARN_DEPRECATED_OBJC_IMPLEMENTATIONS = YES;
				CLANG_WARN_DIRECT_OBJC_ISA_USAGE = YES_ERROR;
				CLANG_WARN_DOCUMENTATION_COMMENTS = YES;
				CLANG_WARN_EMPTY_BODY = YES;
				CLANG_WARN_ENUM_CONVERSION = YES;
				CLANG_WARN_INFINITE_RECURSION = YES;
				CLANG_WARN_INT_CONVERSION = YES;
				CLANG_WARN_NON_LITERAL_NULL_CONVERSION = YES;
				CLANG_WARN_OBJC_IMPLICIT_RETAIN_SELF = YES;
				CLANG_WARN_OBJC_LITERAL_CONVERSION = YES;
				CLANG_WARN_OBJC_ROOT_CLASS = YES_ERROR;
				CLANG_WARN_QUOTED_INCLUDE_IN_FRAMEWORK_HEADER = YES;
				CLANG_WARN_RANGE_LOOP_ANALYSIS = YES;
				CLANG_WARN_STRICT_PROTOTYPES = YES;
				CLANG_WARN_SUSPICIOUS_MOVE = YES;
				CLANG_WARN_UNGUARDED_AVAILABILITY = YES_AGGRESSIVE;
				CLANG_WARN_UNREACHABLE_CODE = YES;
				CLANG_WARN__DUPLICATE_METHOD_MATCH = YES;
				COPY_PHASE_STRIP = NO;
				DEBUG_INFORMATION_FORMAT = dwarf;
				ENABLE_STRICT_OBJC_MSGSEND = YES;
				ENABLE_TESTABILITY = YES;
				GCC_C_LANGUAGE_STANDARD = gnu11;
				GCC_DYNAMIC_NO_PIC = NO;
				GCC_NO_COMMON_BLOCKS = YES;
				GCC_OPTIMIZATION_LEVEL = 0;
				GCC_PREPROCESSOR_DEFINITIONS = (
					"DEBUG=1",
					"$(inherited)",
				);
				GCC_WARN_64_TO_32_BIT_CONVERSION = YES;
				GCC_WARN_ABOUT_RETURN_TYPE = YES_ERROR;
				GCC_WARN_UNDECLARED_SELECTOR = YES;
				GCC_WARN_UNINITIALIZED_AUTOS = YES_AGGRESSIVE;
				GCC_WARN_UNUSED_FUNCTION = YES;
				GCC_WARN_UNUSED_VARIABLE = YES;
				IPHONEOS_DEPLOYMENT_TARGET = 15.0;
				MTL_ENABLE_DEBUG_INFO = INCLUDE_SOURCE;
				MTL_FAST_MATH = YES;
				ONLY_ACTIVE_ARCH = YES;
				SDKROOT = iphoneos;
				SWIFT_ACTIVE_COMPILATION_CONDITIONS = DEBUG;
				SWIFT_OPTIMIZATION_LEVEL = "-Onone";
			};
			name = Debug;
		};
		5993A2DF278C3556006D003E /* Release */ = {
			isa = XCBuildConfiguration;
			buildSettings = {
				ALWAYS_SEARCH_USER_PATHS = NO;
				CLANG_ANALYZER_NONNULL = YES;
				CLANG_ANALYZER_NUMBER_OBJECT_CONVERSION = YES_AGGRESSIVE;
				CLANG_CXX_LANGUAGE_STANDARD = "gnu++17";
				CLANG_CXX_LIBRARY = "libc++";
				CLANG_ENABLE_MODULES = YES;
				CLANG_ENABLE_OBJC_ARC = YES;
				CLANG_ENABLE_OBJC_WEAK = YES;
				CLANG_WARN_BLOCK_CAPTURE_AUTORELEASING = YES;
				CLANG_WARN_BOOL_CONVERSION = YES;
				CLANG_WARN_COMMA = YES;
				CLANG_WARN_CONSTANT_CONVERSION = YES;
				CLANG_WARN_DEPRECATED_OBJC_IMPLEMENTATIONS = YES;
				CLANG_WARN_DIRECT_OBJC_ISA_USAGE = YES_ERROR;
				CLANG_WARN_DOCUMENTATION_COMMENTS = YES;
				CLANG_WARN_EMPTY_BODY = YES;
				CLANG_WARN_ENUM_CONVERSION = YES;
				CLANG_WARN_INFINITE_RECURSION = YES;
				CLANG_WARN_INT_CONVERSION = YES;
				CLANG_WARN_NON_LITERAL_NULL_CONVERSION = YES;
				CLANG_WARN_OBJC_IMPLICIT_RETAIN_SELF = YES;
				CLANG_WARN_OBJC_LITERAL_CONVERSION = YES;
				CLANG_WARN_OBJC_ROOT_CLASS = YES_ERROR;
				CLANG_WARN_QUOTED_INCLUDE_IN_FRAMEWORK_HEADER = YES;
				CLANG_WARN_RANGE_LOOP_ANALYSIS = YES;
				CLANG_WARN_STRICT_PROTOTYPES = YES;
				CLANG_WARN_SUSPICIOUS_MOVE = YES;
				CLANG_WARN_UNGUARDED_AVAILABILITY = YES_AGGRESSIVE;
				CLANG_WARN_UNREACHABLE_CODE = YES;
				CLANG_WARN__DUPLICATE_METHOD_MATCH = YES;
				COPY_PHASE_STRIP = NO;
				DEBUG_INFORMATION_FORMAT = "dwarf-with-dsym";
				ENABLE_NS_ASSERTIONS = NO;
				ENABLE_STRICT_OBJC_MSGSEND = YES;
				GCC_C_LANGUAGE_STANDARD = gnu11;
				GCC_NO_COMMON_BLOCKS = YES;
				GCC_WARN_64_TO_32_BIT_CONVERSION = YES;
				GCC_WARN_ABOUT_RETURN_TYPE = YES_ERROR;
				GCC_WARN_UNDECLARED_SELECTOR = YES;
				GCC_WARN_UNINITIALIZED_AUTOS = YES_AGGRESSIVE;
				GCC_WARN_UNUSED_FUNCTION = YES;
				GCC_WARN_UNUSED_VARIABLE = YES;
				IPHONEOS_DEPLOYMENT_TARGET = 15.0;
				MTL_ENABLE_DEBUG_INFO = NO;
				MTL_FAST_MATH = YES;
				SDKROOT = iphoneos;
				SWIFT_COMPILATION_MODE = wholemodule;
				SWIFT_OPTIMIZATION_LEVEL = "-O";
				VALIDATE_PRODUCT = YES;
			};
			name = Release;
		};
		5993A2E1278C3556006D003E /* Debug */ = {
			isa = XCBuildConfiguration;
			baseConfigurationReference = 5E66F1C6EC2962064D287EA1 /* Pods-Quinbay.debug.xcconfig */;
			buildSettings = {
				ASSETCATALOG_COMPILER_APPICON_NAME = AppIcon;
				ASSETCATALOG_COMPILER_GLOBAL_ACCENT_COLOR_NAME = AccentColor;
				CODE_SIGN_STYLE = Automatic;
				CURRENT_PROJECT_VERSION = 1;
				DEVELOPMENT_TEAM = 8XZFU4U9N4;
				GENERATE_INFOPLIST_FILE = YES;
				INFOPLIST_FILE = Quinbay/Info.plist;
				INFOPLIST_KEY_UIApplicationSupportsIndirectInputEvents = YES;
				INFOPLIST_KEY_UILaunchStoryboardName = LaunchScreen;
				INFOPLIST_KEY_UIMainStoryboardFile = Main;
				INFOPLIST_KEY_UISupportedInterfaceOrientations_iPad = "UIInterfaceOrientationPortrait UIInterfaceOrientationPortraitUpsideDown UIInterfaceOrientationLandscapeLeft UIInterfaceOrientationLandscapeRight";
				INFOPLIST_KEY_UISupportedInterfaceOrientations_iPhone = "UIInterfaceOrientationPortrait UIInterfaceOrientationLandscapeLeft UIInterfaceOrientationLandscapeRight";
				IPHONEOS_DEPLOYMENT_TARGET = 15.0;
				LD_RUNPATH_SEARCH_PATHS = (
					"$(inherited)",
					"@executable_path/Frameworks",
				);
				MARKETING_VERSION = 1.0;
				PRODUCT_BUNDLE_IDENTIFIER = com.paymentus.ipnPayBills;
				PRODUCT_NAME = "$(TARGET_NAME)";
				SWIFT_EMIT_LOC_STRINGS = YES;
				SWIFT_VERSION = 5.0;
				TARGETED_DEVICE_FAMILY = "1,2";
			};
			name = Debug;
		};
		5993A2E2278C3556006D003E /* Release */ = {
			isa = XCBuildConfiguration;
			baseConfigurationReference = 4DBA6AAE28C9D2ADD703BA75 /* Pods-Quinbay.release.xcconfig */;
			buildSettings = {
				ASSETCATALOG_COMPILER_APPICON_NAME = AppIcon;
				ASSETCATALOG_COMPILER_GLOBAL_ACCENT_COLOR_NAME = AccentColor;
				CODE_SIGN_STYLE = Automatic;
				CURRENT_PROJECT_VERSION = 1;
				DEVELOPMENT_TEAM = 8XZFU4U9N4;
				GENERATE_INFOPLIST_FILE = YES;
				INFOPLIST_FILE = Quinbay/Info.plist;
				INFOPLIST_KEY_UIApplicationSupportsIndirectInputEvents = YES;
				INFOPLIST_KEY_UILaunchStoryboardName = LaunchScreen;
				INFOPLIST_KEY_UIMainStoryboardFile = Main;
				INFOPLIST_KEY_UISupportedInterfaceOrientations_iPad = "UIInterfaceOrientationPortrait UIInterfaceOrientationPortraitUpsideDown UIInterfaceOrientationLandscapeLeft UIInterfaceOrientationLandscapeRight";
				INFOPLIST_KEY_UISupportedInterfaceOrientations_iPhone = "UIInterfaceOrientationPortrait UIInterfaceOrientationLandscapeLeft UIInterfaceOrientationLandscapeRight";
				IPHONEOS_DEPLOYMENT_TARGET = 15.0;
				LD_RUNPATH_SEARCH_PATHS = (
					"$(inherited)",
					"@executable_path/Frameworks",
				);
				MARKETING_VERSION = 1.0;
				PRODUCT_BUNDLE_IDENTIFIER = com.paymentus.ipnPayBills;
				PRODUCT_NAME = "$(TARGET_NAME)";
				SWIFT_EMIT_LOC_STRINGS = YES;
				SWIFT_VERSION = 5.0;
				TARGETED_DEVICE_FAMILY = "1,2";
			};
			name = Release;
		};
		5993A2E4278C3556006D003E /* Debug */ = {
			isa = XCBuildConfiguration;
			baseConfigurationReference = 0F066CA451A8BB8A8A1A6A6D /* Pods-QuinbayTests.debug.xcconfig */;
			buildSettings = {
				ALWAYS_EMBED_SWIFT_STANDARD_LIBRARIES = YES;
				BUNDLE_LOADER = "$(TEST_HOST)";
				CODE_SIGN_STYLE = Automatic;
				CURRENT_PROJECT_VERSION = 1;
				DEVELOPMENT_TEAM = LGZHG59HW6;
				GENERATE_INFOPLIST_FILE = YES;
				IPHONEOS_DEPLOYMENT_TARGET = 15.0;
				LD_RUNPATH_SEARCH_PATHS = (
					"$(inherited)",
					"@executable_path/Frameworks",
					"@loader_path/Frameworks",
				);
				MARKETING_VERSION = 1.0;
				PRODUCT_BUNDLE_IDENTIFIER = com.paymentus.com.QuinbayTests;
				PRODUCT_NAME = "$(TARGET_NAME)";
				SWIFT_EMIT_LOC_STRINGS = NO;
				SWIFT_VERSION = 5.0;
				TARGETED_DEVICE_FAMILY = "1,2";
				TEST_HOST = "$(BUILT_PRODUCTS_DIR)/Quinbay.app/Quinbay";
			};
			name = Debug;
		};
		5993A2E5278C3556006D003E /* Release */ = {
			isa = XCBuildConfiguration;
			baseConfigurationReference = 425FF5C379088F0C2CAFB44A /* Pods-QuinbayTests.release.xcconfig */;
			buildSettings = {
				ALWAYS_EMBED_SWIFT_STANDARD_LIBRARIES = YES;
				BUNDLE_LOADER = "$(TEST_HOST)";
				CODE_SIGN_STYLE = Automatic;
				CURRENT_PROJECT_VERSION = 1;
				DEVELOPMENT_TEAM = LGZHG59HW6;
				GENERATE_INFOPLIST_FILE = YES;
				IPHONEOS_DEPLOYMENT_TARGET = 15.0;
				LD_RUNPATH_SEARCH_PATHS = (
					"$(inherited)",
					"@executable_path/Frameworks",
					"@loader_path/Frameworks",
				);
				MARKETING_VERSION = 1.0;
				PRODUCT_BUNDLE_IDENTIFIER = com.paymentus.com.QuinbayTests;
				PRODUCT_NAME = "$(TARGET_NAME)";
				SWIFT_EMIT_LOC_STRINGS = NO;
				SWIFT_VERSION = 5.0;
				TARGETED_DEVICE_FAMILY = "1,2";
				TEST_HOST = "$(BUILT_PRODUCTS_DIR)/Quinbay.app/Quinbay";
			};
			name = Release;
		};
		5993A2E7278C3556006D003E /* Debug */ = {
			isa = XCBuildConfiguration;
			baseConfigurationReference = 5471835636E11D1C05C4FE73 /* Pods-Quinbay-QuinbayUITests.debug.xcconfig */;
			buildSettings = {
				ALWAYS_EMBED_SWIFT_STANDARD_LIBRARIES = YES;
				CODE_SIGN_STYLE = Automatic;
				CURRENT_PROJECT_VERSION = 1;
				DEVELOPMENT_TEAM = LGZHG59HW6;
				GENERATE_INFOPLIST_FILE = YES;
				LD_RUNPATH_SEARCH_PATHS = (
					"$(inherited)",
					"@executable_path/Frameworks",
					"@loader_path/Frameworks",
				);
				MARKETING_VERSION = 1.0;
				PRODUCT_BUNDLE_IDENTIFIER = com.paymentus.com.QuinbayUITests;
				PRODUCT_NAME = "$(TARGET_NAME)";
				SWIFT_EMIT_LOC_STRINGS = NO;
				SWIFT_VERSION = 5.0;
				TARGETED_DEVICE_FAMILY = "1,2";
				TEST_TARGET_NAME = Quinbay;
			};
			name = Debug;
		};
		5993A2E8278C3556006D003E /* Release */ = {
			isa = XCBuildConfiguration;
			baseConfigurationReference = 8A438F641A784BA254FF3301 /* Pods-Quinbay-QuinbayUITests.release.xcconfig */;
			buildSettings = {
				ALWAYS_EMBED_SWIFT_STANDARD_LIBRARIES = YES;
				CODE_SIGN_STYLE = Automatic;
				CURRENT_PROJECT_VERSION = 1;
				DEVELOPMENT_TEAM = LGZHG59HW6;
				GENERATE_INFOPLIST_FILE = YES;
				LD_RUNPATH_SEARCH_PATHS = (
					"$(inherited)",
					"@executable_path/Frameworks",
					"@loader_path/Frameworks",
				);
				MARKETING_VERSION = 1.0;
				PRODUCT_BUNDLE_IDENTIFIER = com.paymentus.com.QuinbayUITests;
				PRODUCT_NAME = "$(TARGET_NAME)";
				SWIFT_EMIT_LOC_STRINGS = NO;
				SWIFT_VERSION = 5.0;
				TARGETED_DEVICE_FAMILY = "1,2";
				TEST_TARGET_NAME = Quinbay;
			};
			name = Release;
		};
/* End XCBuildConfiguration section */

/* Begin XCConfigurationList section */
		5993A2AE278C3555006D003E /* Build configuration list for PBXProject "Quinbay" */ = {
			isa = XCConfigurationList;
			buildConfigurations = (
				5993A2DE278C3556006D003E /* Debug */,
				5993A2DF278C3556006D003E /* Release */,
			);
			defaultConfigurationIsVisible = 0;
			defaultConfigurationName = Release;
		};
		5993A2E0278C3556006D003E /* Build configuration list for PBXNativeTarget "Quinbay" */ = {
			isa = XCConfigurationList;
			buildConfigurations = (
				5993A2E1278C3556006D003E /* Debug */,
				5993A2E2278C3556006D003E /* Release */,
			);
			defaultConfigurationIsVisible = 0;
			defaultConfigurationName = Release;
		};
		5993A2E3278C3556006D003E /* Build configuration list for PBXNativeTarget "QuinbayTests" */ = {
			isa = XCConfigurationList;
			buildConfigurations = (
				5993A2E4278C3556006D003E /* Debug */,
				5993A2E5278C3556006D003E /* Release */,
			);
			defaultConfigurationIsVisible = 0;
			defaultConfigurationName = Release;
		};
		5993A2E6278C3556006D003E /* Build configuration list for PBXNativeTarget "QuinbayUITests" */ = {
			isa = XCConfigurationList;
			buildConfigurations = (
				5993A2E7278C3556006D003E /* Debug */,
				5993A2E8278C3556006D003E /* Release */,
			);
			defaultConfigurationIsVisible = 0;
			defaultConfigurationName = Release;
		};
/* End XCConfigurationList section */

/* Begin XCVersionGroup section */
		5993A2BF278C3555006D003E /* Quinbay.xcdatamodeld */ = {
			isa = XCVersionGroup;
			children = (
				5993A2C0278C3555006D003E /* Quinbay.xcdatamodel */,
			);
			currentVersion = 5993A2C0278C3555006D003E /* Quinbay.xcdatamodel */;
			path = Quinbay.xcdatamodeld;
			sourceTree = "<group>";
			versionGroupType = wrapper.xcdatamodel;
		};
/* End XCVersionGroup section */
	};
	rootObject = 5993A2AB278C3555006D003E /* Project object */;
}
